# This file is automatically @generated by Cargo.
# It is not intended for manual editing.
version = 4

[[package]]
name = "mellis-ast"
version = "0.1.0"
dependencies = [
 "mellis-common",
 "mellis-lexer",
]

[[package]]
name = "mellis-common"
version = "0.1.0"

[[package]]
name = "mellis-driver"
version = "0.1.0"
dependencies = [
 "mellis-ast",
 "mellis-common",
 "mellis-lexer",
 "mellis-mvir",
 "mellis-parser",
 "mellis-semantic",
]

[[package]]
name = "mellis-lexer"
version = "0.1.0"
dependencies = [
 "mellis-common",
]

[[package]]
name = "mellis-mvir"
version = "0.1.0"
dependencies = [
 "mellis-ast",
 "mellis-common",
 "mellis-semantic",
]

[[package]]
name = "mellis-parser"
version = "0.1.0"
dependencies = [
 "mellis-ast",
 "mellis-common",
 "mellis-lexer",
]

[[package]]
name = "mellis-semantic"
version = "0.1.0"
dependencies = [
 "mellis-ast",
 "mellis-common",
 "mellis-lexer",
]
